
Microsoft Visual Studio Solution File, Format Version 12.00
# Visual Studio Version 17
VisualStudioVersion = 17.0.31903.59
MinimumVisualStudioVersion = 10.0.40219.1
Project("{9A19103F-16F7-4668-BE54-9A1E7A4F7556}") = "createAPI", "createAPI\createAPI.csproj", "{1BB24451-DE3A-4457-87FC-F1B214A54C2E}"
EndProject
Project("{9A19103F-16F7-4668-BE54-9A1E7A4F7556}") = "razor", "razor\razor.csproj", "{A93CB922-18D8-4779-926C-CE5284F89351}"
EndProject
Project("{9A19103F-16F7-4668-BE54-9A1E7A4F7556}") = "coreApi", "coreApi\coreApi.csproj", "{6A41C76F-0D5C-47EE-BC66-9CD2ED44478B}"
EndProject
Global
	GlobalSection(SolutionConfigurationPlatforms) = preSolution
		Debug|Any CPU = Debug|Any CPU
		Release|Any CPU = Release|Any CPU
	EndGlobalSection
	GlobalSection(ProjectConfigurationPlatforms) = postSolution
		{1BB24451-DE3A-4457-87FC-F1B214A54C2E}.Debug|Any CPU.ActiveCfg = Debug|Any CPU
		{1BB24451-DE3A-4457-87FC-F1B214A54C2E}.Debug|Any CPU.Build.0 = Debug|Any CPU
		{1BB24451-DE3A-4457-87FC-F1B214A54C2E}.Release|Any CPU.ActiveCfg = Release|Any CPU
		{1BB24451-DE3A-4457-87FC-F1B214A54C2E}.Release|Any CPU.Build.0 = Release|Any CPU
		{A93CB922-18D8-4779-926C-CE5284F89351}.Debug|Any CPU.ActiveCfg = Debug|Any CPU
		{A93CB922-18D8-4779-926C-CE5284F89351}.Debug|Any CPU.Build.0 = Debug|Any CPU
		{A93CB922-18D8-4779-926C-CE5284F89351}.Release|Any CPU.ActiveCfg = Release|Any CPU
		{A93CB922-18D8-4779-926C-CE5284F89351}.Release|Any CPU.Build.0 = Release|Any CPU
		{6A41C76F-0D5C-47EE-BC66-9CD2ED44478B}.Debug|Any CPU.ActiveCfg = Debug|Any CPU
		{6A41C76F-0D5C-47EE-BC66-9CD2ED44478B}.Debug|Any CPU.Build.0 = Debug|Any CPU
		{6A41C76F-0D5C-47EE-BC66-9CD2ED44478B}.Release|Any CPU.ActiveCfg = Release|Any CPU
		{6A41C76F-0D5C-47EE-BC66-9CD2ED44478B}.Release|Any CPU.Build.0 = Release|Any CPU
	EndGlobalSection
	GlobalSection(SolutionProperties) = preSolution
		HideSolutionNode = FALSE
	EndGlobalSection
	GlobalSection(ExtensibilityGlobals) = postSolution
		SolutionGuid = {C03B30A1-02E3-4371-8ECE-4AA944F546D4}
	EndGlobalSection
EndGlobal
